// !$*UTF8*$!
{
	archiveVersion = 1;
	classes = {
	};
	objectVersion = 50;
	objects = {

/* Begin PBXBuildFile section */
		087BAA802306E6580023E111 /* Localizable.strings in Resources */ = {isa = PBXBuildFile; fileRef = 087BAA822306E6580023E111 /* Localizable.strings */; };
		9A037155237CC0DC00EB56AB /* SliderTableCellSnapshotTests.swift in Sources */ = {isa = PBXBuildFile; fileRef = 9A037154237CC0DC00EB56AB /* SliderTableCellSnapshotTests.swift */; };
		9A51E67122D3BA1200A27ACF /* Core.framework in Frameworks */ = {isa = PBXBuildFile; fileRef = 9AF9590C22C8E17D0055B204 /* Core.framework */; };
		9A51E67922E768C500A27ACF /* SnapshotTesting.framework in Frameworks */ = {isa = PBXBuildFile; fileRef = 9A51E67822E768C500A27ACF /* SnapshotTesting.framework */; };
		9A51E68522E76AFE00A27ACF /* CookingViewControllerSnapshotTests.swift in Sources */ = {isa = PBXBuildFile; fileRef = 9A51E68422E76AFE00A27ACF /* CookingViewControllerSnapshotTests.swift */; };
		9A6FCF9322F6DA7F009BDCCC /* DashboardViewControllerSnapshotTests.swift in Sources */ = {isa = PBXBuildFile; fileRef = 9A6FCF9222F6DA7F009BDCCC /* DashboardViewControllerSnapshotTests.swift */; };
		9A6FCF9722F6DAA1009BDCCC /* DownloaderMock.swift in Sources */ = {isa = PBXBuildFile; fileRef = 9A6FCF9622F6DAA1009BDCCC /* DownloaderMock.swift */; };
		9A6FCF9A22F6E532009BDCCC /* EphemeralKeyValueStore.swift in Sources */ = {isa = PBXBuildFile; fileRef = 9A6FCF9922F6E532009BDCCC /* EphemeralKeyValueStore.swift */; };
		9A6FCF9B22F6E686009BDCCC /* RxBlocking.framework in Frameworks */ = {isa = PBXBuildFile; fileRef = 9AF996F922F2188900E9413C /* RxBlocking.framework */; };
		9A6FCF9C22F6E686009BDCCC /* RxCocoa.framework in Frameworks */ = {isa = PBXBuildFile; fileRef = 9AF996FA22F2188900E9413C /* RxCocoa.framework */; };
		9A6FCF9D22F6E686009BDCCC /* RxDataSources.framework in Frameworks */ = {isa = PBXBuildFile; fileRef = 9AF996FB22F2188900E9413C /* RxDataSources.framework */; };
		9A6FCF9E22F6E686009BDCCC /* RxRelay.framework in Frameworks */ = {isa = PBXBuildFile; fileRef = 9AF996F622F2188800E9413C /* RxRelay.framework */; };
		9A6FCF9F22F6E686009BDCCC /* RxSwift.framework in Frameworks */ = {isa = PBXBuildFile; fileRef = 9AF996F722F2188800E9413C /* RxSwift.framework */; };
		9A6FCFA022F6E73F009BDCCC /* Kingfisher.framework in Frameworks */ = {isa = PBXBuildFile; fileRef = 9A34485022F57F5A00AC7DC1 /* Kingfisher.framework */; };
		9A6FCFA122F6E73F009BDCCC /* Differentiator.framework in Frameworks */ = {isa = PBXBuildFile; fileRef = 9AF996F822F2188900E9413C /* Differentiator.framework */; };
		9A6FCFA322F6E84B009BDCCC /* RecipeStubs.swift in Sources */ = {isa = PBXBuildFile; fileRef = 9A6FCFA222F6E84B009BDCCC /* RecipeStubs.swift */; };
		9A6FCFA722F6F2D0009BDCCC /* RecipeListStub.swift in Sources */ = {isa = PBXBuildFile; fileRef = 9A6FCFA622F6F2D0009BDCCC /* RecipeListStub.swift */; };
		9A6FCFA922F6FE99009BDCCC /* SuccessViewControllerSnapshotTests.swift in Sources */ = {isa = PBXBuildFile; fileRef = 9A6FCFA822F6FE99009BDCCC /* SuccessViewControllerSnapshotTests.swift */; };
		9A6FCFAB22F6FFB0009BDCCC /* ProgressIndicatorViewControllerSnapshotTests.swift in Sources */ = {isa = PBXBuildFile; fileRef = 9A6FCFAA22F6FFB0009BDCCC /* ProgressIndicatorViewControllerSnapshotTests.swift */; };
		9A6FCFAD22F70057009BDCCC /* ListTableCellSnapshotTests.swift in Sources */ = {isa = PBXBuildFile; fileRef = 9A6FCFAC22F70057009BDCCC /* ListTableCellSnapshotTests.swift */; };
		9A6FCFAF22F70233009BDCCC /* FullImageTableCellSnapshotTests.swift in Sources */ = {isa = PBXBuildFile; fileRef = 9A6FCFAE22F70233009BDCCC /* FullImageTableCellSnapshotTests.swift */; };
		9A6FCFB122F70480009BDCCC /* ButtonTableCellSnapshotTests.swift in Sources */ = {isa = PBXBuildFile; fileRef = 9A6FCFB022F70480009BDCCC /* ButtonTableCellSnapshotTests.swift */; };
		9A705D0A22E7A351003AA381 /* StepStub.swift in Sources */ = {isa = PBXBuildFile; fileRef = 9A705D0922E7A351003AA381 /* StepStub.swift */; };
		9AD3228122EE0887002F9C6B /* RecipeViewControllerSnapshotTests.swift in Sources */ = {isa = PBXBuildFile; fileRef = 9AD3228022EE0887002F9C6B /* RecipeViewControllerSnapshotTests.swift */; };
		9AF3509C22ED9FB700D42922 /* RecipeFactory.swift in Sources */ = {isa = PBXBuildFile; fileRef = 9AF3509B22ED9FB700D42922 /* RecipeFactory.swift */; };
		9AF350A322EDA07300D42922 /* XCTest+SnapshotTesting.swift in Sources */ = {isa = PBXBuildFile; fileRef = 9AF350A122EDA07300D42922 /* XCTest+SnapshotTesting.swift */; };
		9AF350A422EDA07300D42922 /* UIButton+SimulateTap.swift in Sources */ = {isa = PBXBuildFile; fileRef = 9AF350A222EDA07300D42922 /* UIButton+SimulateTap.swift */; };
		9AF350A722EDA1B400D42922 /* StepTableCellSnapshotTests.swift in Sources */ = {isa = PBXBuildFile; fileRef = 9AF350A622EDA1B400D42922 /* StepTableCellSnapshotTests.swift */; };
		9AF350A922EDA49800D42922 /* String+TestData.swift in Sources */ = {isa = PBXBuildFile; fileRef = 9AF350A822EDA49800D42922 /* String+TestData.swift */; };
		9AF958BD22C8DCD10055B204 /* AppDelegate.swift in Sources */ = {isa = PBXBuildFile; fileRef = 9AF958BC22C8DCD10055B204 /* AppDelegate.swift */; };
		9AF958C222C8DCD10055B204 /* Main.storyboard in Resources */ = {isa = PBXBuildFile; fileRef = 9AF958C022C8DCD10055B204 /* Main.storyboard */; };
		9AF958C522C8DCD10055B204 /* Cooding.xcdatamodeld in Sources */ = {isa = PBXBuildFile; fileRef = 9AF958C322C8DCD10055B204 /* Cooding.xcdatamodeld */; };
		9AF958C722C8DCD30055B204 /* Assets.xcassets in Resources */ = {isa = PBXBuildFile; fileRef = 9AF958C622C8DCD30055B204 /* Assets.xcassets */; };
		9AF958CA22C8DCD30055B204 /* LaunchScreen.storyboard in Resources */ = {isa = PBXBuildFile; fileRef = 9AF958C822C8DCD30055B204 /* LaunchScreen.storyboard */; };
		9AF996D722F2167A00E9413C /* Core.framework in Embed Frameworks */ = {isa = PBXBuildFile; fileRef = 9AF9590C22C8E17D0055B204 /* Core.framework */; settings = {ATTRIBUTES = (CodeSignOnCopy, RemoveHeadersOnCopy, ); }; };
/* End PBXBuildFile section */

/* Begin PBXContainerItemProxy section */
		9AF958D122C8DCD30055B204 /* PBXContainerItemProxy */ = {
			isa = PBXContainerItemProxy;
			containerPortal = 9AF958B122C8DCD10055B204 /* Project object */;
			proxyType = 1;
			remoteGlobalIDString = 9AF958B822C8DCD10055B204;
			remoteInfo = Cooding;
		};
		9AF9590B22C8E17D0055B204 /* PBXContainerItemProxy */ = {
			isa = PBXContainerItemProxy;
			containerPortal = 9AF9590622C8E17C0055B204 /* Core.xcodeproj */;
			proxyType = 2;
			remoteGlobalIDString = 9AF958EC22C8E17C0055B204;
			remoteInfo = Core;
		};
		9AF9590D22C8E17D0055B204 /* PBXContainerItemProxy */ = {
			isa = PBXContainerItemProxy;
			containerPortal = 9AF9590622C8E17C0055B204 /* Core.xcodeproj */;
			proxyType = 2;
			remoteGlobalIDString = 9AF958F522C8E17C0055B204;
			remoteInfo = CoreTests;
		};
/* End PBXContainerItemProxy section */

/* Begin PBXCopyFilesBuildPhase section */
		9AF996D622F2166900E9413C /* Embed Frameworks */ = {
			isa = PBXCopyFilesBuildPhase;
			buildActionMask = 2147483647;
			dstPath = "";
			dstSubfolderSpec = 10;
			files = (
				9AF996D722F2167A00E9413C /* Core.framework in Embed Frameworks */,
			);
			name = "Embed Frameworks";
			runOnlyForDeploymentPostprocessing = 0;
		};
/* End PBXCopyFilesBuildPhase section */

/* Begin PBXFileReference section */
		087BAA812306E6580023E111 /* en */ = {isa = PBXFileReference; lastKnownFileType = text.plist.strings; name = en; path = en.lproj/Localizable.strings; sourceTree = "<group>"; };
		087BAA842306E8A70023E111 /* Base */ = {isa = PBXFileReference; lastKnownFileType = file.storyboard; name = Base; path = Base.lproj/Main.storyboard; sourceTree = "<group>"; };
		087BAA852306E8A70023E111 /* Base */ = {isa = PBXFileReference; lastKnownFileType = file.storyboard; name = Base; path = Base.lproj/LaunchScreen.storyboard; sourceTree = "<group>"; };
		087BAA862306E8D40023E111 /* pl */ = {isa = PBXFileReference; lastKnownFileType = text.plist.strings; name = pl; path = pl.lproj/Localizable.strings; sourceTree = "<group>"; };
		9A037154237CC0DC00EB56AB /* SliderTableCellSnapshotTests.swift */ = {isa = PBXFileReference; lastKnownFileType = sourcecode.swift; path = SliderTableCellSnapshotTests.swift; sourceTree = "<group>"; };
		9A34485022F57F5A00AC7DC1 /* Kingfisher.framework */ = {isa = PBXFileReference; lastKnownFileType = wrapper.framework; name = Kingfisher.framework; path = Core/Carthage/Build/iOS/Kingfisher.framework; sourceTree = "<group>"; };
		9A51E67822E768C500A27ACF /* SnapshotTesting.framework */ = {isa = PBXFileReference; lastKnownFileType = wrapper.framework; name = SnapshotTesting.framework; path = Carthage/Build/iOS/SnapshotTesting.framework; sourceTree = "<group>"; };
		9A51E68422E76AFE00A27ACF /* CookingViewControllerSnapshotTests.swift */ = {isa = PBXFileReference; fileEncoding = 4; lastKnownFileType = sourcecode.swift; path = CookingViewControllerSnapshotTests.swift; sourceTree = "<group>"; };
		9A6FCF9222F6DA7F009BDCCC /* DashboardViewControllerSnapshotTests.swift */ = {isa = PBXFileReference; lastKnownFileType = sourcecode.swift; path = DashboardViewControllerSnapshotTests.swift; sourceTree = "<group>"; };
		9A6FCF9622F6DAA1009BDCCC /* DownloaderMock.swift */ = {isa = PBXFileReference; lastKnownFileType = sourcecode.swift; path = DownloaderMock.swift; sourceTree = "<group>"; };
		9A6FCF9922F6E532009BDCCC /* EphemeralKeyValueStore.swift */ = {isa = PBXFileReference; lastKnownFileType = sourcecode.swift; path = EphemeralKeyValueStore.swift; sourceTree = "<group>"; };
		9A6FCFA222F6E84B009BDCCC /* RecipeStubs.swift */ = {isa = PBXFileReference; lastKnownFileType = sourcecode.swift; path = RecipeStubs.swift; sourceTree = "<group>"; };
		9A6FCFA622F6F2D0009BDCCC /* RecipeListStub.swift */ = {isa = PBXFileReference; lastKnownFileType = sourcecode.swift; path = RecipeListStub.swift; sourceTree = "<group>"; };
		9A6FCFA822F6FE99009BDCCC /* SuccessViewControllerSnapshotTests.swift */ = {isa = PBXFileReference; lastKnownFileType = sourcecode.swift; path = SuccessViewControllerSnapshotTests.swift; sourceTree = "<group>"; };
		9A6FCFAA22F6FFB0009BDCCC /* ProgressIndicatorViewControllerSnapshotTests.swift */ = {isa = PBXFileReference; lastKnownFileType = sourcecode.swift; path = ProgressIndicatorViewControllerSnapshotTests.swift; sourceTree = "<group>"; };
		9A6FCFAC22F70057009BDCCC /* ListTableCellSnapshotTests.swift */ = {isa = PBXFileReference; lastKnownFileType = sourcecode.swift; path = ListTableCellSnapshotTests.swift; sourceTree = "<group>"; };
		9A6FCFAE22F70233009BDCCC /* FullImageTableCellSnapshotTests.swift */ = {isa = PBXFileReference; lastKnownFileType = sourcecode.swift; path = FullImageTableCellSnapshotTests.swift; sourceTree = "<group>"; };
		9A6FCFB022F70480009BDCCC /* ButtonTableCellSnapshotTests.swift */ = {isa = PBXFileReference; lastKnownFileType = sourcecode.swift; path = ButtonTableCellSnapshotTests.swift; sourceTree = "<group>"; };
		9A6FCFBC22F71FD0009BDCCC /* MakeRecipe.playground */ = {isa = PBXFileReference; lastKnownFileType = file.playground; path = MakeRecipe.playground; sourceTree = "<group>"; xcLanguageSpecificationIdentifier = xcode.lang.swift; };
		9A705D0922E7A351003AA381 /* StepStub.swift */ = {isa = PBXFileReference; lastKnownFileType = sourcecode.swift; path = StepStub.swift; sourceTree = "<group>"; };
		9AC269BC22EF5F880080CA7E /* Operations.playground */ = {isa = PBXFileReference; lastKnownFileType = file.playground; path = Operations.playground; sourceTree = "<group>"; xcLanguageSpecificationIdentifier = xcode.lang.swift; };
		9AD3228022EE0887002F9C6B /* RecipeViewControllerSnapshotTests.swift */ = {isa = PBXFileReference; fileEncoding = 4; lastKnownFileType = sourcecode.swift; path = RecipeViewControllerSnapshotTests.swift; sourceTree = "<group>"; };
		9AF3509B22ED9FB700D42922 /* RecipeFactory.swift */ = {isa = PBXFileReference; lastKnownFileType = sourcecode.swift; path = RecipeFactory.swift; sourceTree = "<group>"; };
		9AF350A122EDA07300D42922 /* XCTest+SnapshotTesting.swift */ = {isa = PBXFileReference; fileEncoding = 4; lastKnownFileType = sourcecode.swift; path = "XCTest+SnapshotTesting.swift"; sourceTree = "<group>"; };
		9AF350A222EDA07300D42922 /* UIButton+SimulateTap.swift */ = {isa = PBXFileReference; fileEncoding = 4; lastKnownFileType = sourcecode.swift; path = "UIButton+SimulateTap.swift"; sourceTree = "<group>"; };
		9AF350A622EDA1B400D42922 /* StepTableCellSnapshotTests.swift */ = {isa = PBXFileReference; lastKnownFileType = sourcecode.swift; path = StepTableCellSnapshotTests.swift; sourceTree = "<group>"; };
		9AF350A822EDA49800D42922 /* String+TestData.swift */ = {isa = PBXFileReference; lastKnownFileType = sourcecode.swift; path = "String+TestData.swift"; sourceTree = "<group>"; };
		9AF958B922C8DCD10055B204 /* Cooding.app */ = {isa = PBXFileReference; explicitFileType = wrapper.application; includeInIndex = 0; path = Cooding.app; sourceTree = BUILT_PRODUCTS_DIR; };
		9AF958BC22C8DCD10055B204 /* AppDelegate.swift */ = {isa = PBXFileReference; lastKnownFileType = sourcecode.swift; path = AppDelegate.swift; sourceTree = "<group>"; };
		9AF958C422C8DCD10055B204 /* Cooding.xcdatamodel */ = {isa = PBXFileReference; lastKnownFileType = wrapper.xcdatamodel; path = Cooding.xcdatamodel; sourceTree = "<group>"; };
		9AF958C622C8DCD30055B204 /* Assets.xcassets */ = {isa = PBXFileReference; lastKnownFileType = folder.assetcatalog; path = Assets.xcassets; sourceTree = "<group>"; };
		9AF958CB22C8DCD30055B204 /* Info.plist */ = {isa = PBXFileReference; lastKnownFileType = text.plist.xml; path = Info.plist; sourceTree = "<group>"; };
		9AF958D022C8DCD30055B204 /* CoodingTests.xctest */ = {isa = PBXFileReference; explicitFileType = wrapper.cfbundle; includeInIndex = 0; path = CoodingTests.xctest; sourceTree = BUILT_PRODUCTS_DIR; };
		9AF958D622C8DCD30055B204 /* Info.plist */ = {isa = PBXFileReference; lastKnownFileType = text.plist.xml; path = Info.plist; sourceTree = "<group>"; };
		9AF9590622C8E17C0055B204 /* Core.xcodeproj */ = {isa = PBXFileReference; lastKnownFileType = "wrapper.pb-project"; name = Core.xcodeproj; path = Core/Core.xcodeproj; sourceTree = "<group>"; };
		9AF9591722C8E4FD0055B204 /* Visuals.playground */ = {isa = PBXFileReference; lastKnownFileType = file.playground; path = Visuals.playground; sourceTree = "<group>"; xcLanguageSpecificationIdentifier = xcode.lang.swift; };
		9AF996F622F2188800E9413C /* RxRelay.framework */ = {isa = PBXFileReference; lastKnownFileType = wrapper.framework; name = RxRelay.framework; path = Core/Carthage/Build/iOS/RxRelay.framework; sourceTree = "<group>"; };
		9AF996F722F2188800E9413C /* RxSwift.framework */ = {isa = PBXFileReference; lastKnownFileType = wrapper.framework; name = RxSwift.framework; path = Core/Carthage/Build/iOS/RxSwift.framework; sourceTree = "<group>"; };
		9AF996F822F2188900E9413C /* Differentiator.framework */ = {isa = PBXFileReference; lastKnownFileType = wrapper.framework; name = Differentiator.framework; path = Core/Carthage/Build/iOS/Differentiator.framework; sourceTree = "<group>"; };
		9AF996F922F2188900E9413C /* RxBlocking.framework */ = {isa = PBXFileReference; lastKnownFileType = wrapper.framework; name = RxBlocking.framework; path = Core/Carthage/Build/iOS/RxBlocking.framework; sourceTree = "<group>"; };
		9AF996FA22F2188900E9413C /* RxCocoa.framework */ = {isa = PBXFileReference; lastKnownFileType = wrapper.framework; name = RxCocoa.framework; path = Core/Carthage/Build/iOS/RxCocoa.framework; sourceTree = "<group>"; };
		9AF996FB22F2188900E9413C /* RxDataSources.framework */ = {isa = PBXFileReference; lastKnownFileType = wrapper.framework; name = RxDataSources.framework; path = Core/Carthage/Build/iOS/RxDataSources.framework; sourceTree = "<group>"; };
/* End PBXFileReference section */

/* Begin PBXFrameworksBuildPhase section */
		9AF958B622C8DCD10055B204 /* Frameworks */ = {
			isa = PBXFrameworksBuildPhase;
			buildActionMask = 2147483647;
			files = (
				9A51E67122D3BA1200A27ACF /* Core.framework in Frameworks */,
			);
			runOnlyForDeploymentPostprocessing = 0;
		};
		9AF958CD22C8DCD30055B204 /* Frameworks */ = {
			isa = PBXFrameworksBuildPhase;
			buildActionMask = 2147483647;
			files = (
				9A51E67922E768C500A27ACF /* SnapshotTesting.framework in Frameworks */,
				9A6FCF9B22F6E686009BDCCC /* RxBlocking.framework in Frameworks */,
				9A6FCF9C22F6E686009BDCCC /* RxCocoa.framework in Frameworks */,
				9A6FCF9D22F6E686009BDCCC /* RxDataSources.framework in Frameworks */,
				9A6FCF9E22F6E686009BDCCC /* RxRelay.framework in Frameworks */,
				9A6FCF9F22F6E686009BDCCC /* RxSwift.framework in Frameworks */,
				9A6FCFA022F6E73F009BDCCC /* Kingfisher.framework in Frameworks */,
				9A6FCFA122F6E73F009BDCCC /* Differentiator.framework in Frameworks */,
			);
			runOnlyForDeploymentPostprocessing = 0;
		};
/* End PBXFrameworksBuildPhase section */

/* Begin PBXGroup section */
		9A51E67022D3BA1200A27ACF /* Frameworks */ = {
			isa = PBXGroup;
			children = (
				9A34485022F57F5A00AC7DC1 /* Kingfisher.framework */,
				9AF996F822F2188900E9413C /* Differentiator.framework */,
				9AF996F922F2188900E9413C /* RxBlocking.framework */,
				9AF996FA22F2188900E9413C /* RxCocoa.framework */,
				9AF996FB22F2188900E9413C /* RxDataSources.framework */,
				9AF996F622F2188800E9413C /* RxRelay.framework */,
				9AF996F722F2188800E9413C /* RxSwift.framework */,
				9A51E67822E768C500A27ACF /* SnapshotTesting.framework */,
			);
			name = Frameworks;
			sourceTree = "<group>";
		};
		9A51E68322E76AFE00A27ACF /* Screens */ = {
			isa = PBXGroup;
			children = (
				9AD3228022EE0887002F9C6B /* RecipeViewControllerSnapshotTests.swift */,
				9A51E68422E76AFE00A27ACF /* CookingViewControllerSnapshotTests.swift */,
				9A6FCF9222F6DA7F009BDCCC /* DashboardViewControllerSnapshotTests.swift */,
				9A6FCFA822F6FE99009BDCCC /* SuccessViewControllerSnapshotTests.swift */,
				9A6FCFAA22F6FFB0009BDCCC /* ProgressIndicatorViewControllerSnapshotTests.swift */,
			);
			path = Screens;
			sourceTree = "<group>";
		};
		9A6FCFB922F71672009BDCCC /* Snapshot Tests */ = {
			isa = PBXGroup;
			children = (
				9AF350A522EDA19F00D42922 /* Views */,
				9A51E68322E76AFE00A27ACF /* Screens */,
			);
			path = "Snapshot Tests";
			sourceTree = "<group>";
		};
		9A705D0622E7A33E003AA381 /* Mocks & Stubs */ = {
			isa = PBXGroup;
			children = (
				9A705D0922E7A351003AA381 /* StepStub.swift */,
				9AF3509B22ED9FB700D42922 /* RecipeFactory.swift */,
				9A6FCF9922F6E532009BDCCC /* EphemeralKeyValueStore.swift */,
				9A6FCFA222F6E84B009BDCCC /* RecipeStubs.swift */,
				9A6FCFA622F6F2D0009BDCCC /* RecipeListStub.swift */,
			);
			path = "Mocks & Stubs";
			sourceTree = "<group>";
		};
		9AF350A022EDA07300D42922 /* Extensions */ = {
			isa = PBXGroup;
			children = (
				9AF350A122EDA07300D42922 /* XCTest+SnapshotTesting.swift */,
				9AF350A222EDA07300D42922 /* UIButton+SimulateTap.swift */,
				9AF350A822EDA49800D42922 /* String+TestData.swift */,
				9A6FCF9622F6DAA1009BDCCC /* DownloaderMock.swift */,
			);
			path = Extensions;
			sourceTree = "<group>";
		};
		9AF350A522EDA19F00D42922 /* Views */ = {
			isa = PBXGroup;
			children = (
				9AF350A622EDA1B400D42922 /* StepTableCellSnapshotTests.swift */,
				9A6FCFAC22F70057009BDCCC /* ListTableCellSnapshotTests.swift */,
				9A6FCFAE22F70233009BDCCC /* FullImageTableCellSnapshotTests.swift */,
				9A6FCFB022F70480009BDCCC /* ButtonTableCellSnapshotTests.swift */,
				9A037154237CC0DC00EB56AB /* SliderTableCellSnapshotTests.swift */,
			);
			path = Views;
			sourceTree = "<group>";
		};
		9AF958B022C8DCD10055B204 = {
			isa = PBXGroup;
			children = (
				087BAA822306E6580023E111 /* Localizable.strings */,
				9A6FCFBC22F71FD0009BDCCC /* MakeRecipe.playground */,
				9AC269BC22EF5F880080CA7E /* Operations.playground */,
				9AF9591722C8E4FD0055B204 /* Visuals.playground */,
				9AF9590622C8E17C0055B204 /* Core.xcodeproj */,
				9AF958BB22C8DCD10055B204 /* Cooding */,
				9AF958D322C8DCD30055B204 /* CoodingTests */,
				9AF958BA22C8DCD10055B204 /* Products */,
				9A51E67022D3BA1200A27ACF /* Frameworks */,
			);
			sourceTree = "<group>";
		};
		9AF958BA22C8DCD10055B204 /* Products */ = {
			isa = PBXGroup;
			children = (
				9AF958B922C8DCD10055B204 /* Cooding.app */,
				9AF958D022C8DCD30055B204 /* CoodingTests.xctest */,
			);
			name = Products;
			sourceTree = "<group>";
		};
		9AF958BB22C8DCD10055B204 /* Cooding */ = {
			isa = PBXGroup;
			children = (
				9AF958BC22C8DCD10055B204 /* AppDelegate.swift */,
				9AF958C022C8DCD10055B204 /* Main.storyboard */,
				9AF958C622C8DCD30055B204 /* Assets.xcassets */,
				9AF958C822C8DCD30055B204 /* LaunchScreen.storyboard */,
				9AF958CB22C8DCD30055B204 /* Info.plist */,
				9AF958C322C8DCD10055B204 /* Cooding.xcdatamodeld */,
			);
			path = Cooding;
			sourceTree = "<group>";
		};
		9AF958D322C8DCD30055B204 /* CoodingTests */ = {
			isa = PBXGroup;
			children = (
				9A6FCFB922F71672009BDCCC /* Snapshot Tests */,
				9AF350A022EDA07300D42922 /* Extensions */,
				9A705D0622E7A33E003AA381 /* Mocks & Stubs */,
				9AF958D622C8DCD30055B204 /* Info.plist */,
			);
			path = CoodingTests;
			sourceTree = "<group>";
		};
		9AF9590722C8E17C0055B204 /* Products */ = {
			isa = PBXGroup;
			children = (
				9AF9590C22C8E17D0055B204 /* Core.framework */,
				9AF9590E22C8E17D0055B204 /* CoreTests.xctest */,
			);
			name = Products;
			sourceTree = "<group>";
		};
/* End PBXGroup section */

/* Begin PBXNativeTarget section */
		9AF958B822C8DCD10055B204 /* Cooding */ = {
			isa = PBXNativeTarget;
			buildConfigurationList = 9AF958D922C8DCD30055B204 /* Build configuration list for PBXNativeTarget "Cooding" */;
			buildPhases = (
				9AF958B522C8DCD10055B204 /* Sources */,
				9AF958B622C8DCD10055B204 /* Frameworks */,
				9AF958B722C8DCD10055B204 /* Resources */,
				9A51E67522D3DD2300A27ACF /* Swiftlint */,
				9AF996D622F2166900E9413C /* Embed Frameworks */,
			);
			buildRules = (
			);
			dependencies = (
			);
			name = Cooding;
			productName = Cooding;
			productReference = 9AF958B922C8DCD10055B204 /* Cooding.app */;
			productType = "com.apple.product-type.application";
		};
		9AF958CF22C8DCD30055B204 /* CoodingTests */ = {
			isa = PBXNativeTarget;
			buildConfigurationList = 9AF958DC22C8DCD30055B204 /* Build configuration list for PBXNativeTarget "CoodingTests" */;
			buildPhases = (
				9AF958CC22C8DCD30055B204 /* Sources */,
				9AF958CD22C8DCD30055B204 /* Frameworks */,
				9AF958CE22C8DCD30055B204 /* Resources */,
				9A51E67C22E7697600A27ACF /* Carthage Copy Frameworks */,
			);
			buildRules = (
			);
			dependencies = (
				9AF958D222C8DCD30055B204 /* PBXTargetDependency */,
			);
			name = CoodingTests;
			productName = CoodingTests;
			productReference = 9AF958D022C8DCD30055B204 /* CoodingTests.xctest */;
			productType = "com.apple.product-type.bundle.unit-test";
		};
/* End PBXNativeTarget section */

/* Begin PBXProject section */
		9AF958B122C8DCD10055B204 /* Project object */ = {
			isa = PBXProject;
			attributes = {
				LastSwiftUpdateCheck = 1020;
				LastUpgradeCheck = 1020;
				ORGANIZATIONNAME = "Kamil Tustanowski";
				TargetAttributes = {
					9AF958B822C8DCD10055B204 = {
						CreatedOnToolsVersion = 10.2;
					};
					9AF958CF22C8DCD30055B204 = {
						CreatedOnToolsVersion = 10.2;
						TestTargetID = 9AF958B822C8DCD10055B204;
					};
				};
			};
			buildConfigurationList = 9AF958B422C8DCD10055B204 /* Build configuration list for PBXProject "Cooding" */;
			compatibilityVersion = "Xcode 9.3";
			developmentRegion = en;
			hasScannedForEncodings = 0;
			knownRegions = (
				en,
				Base,
				pl,
			);
			mainGroup = 9AF958B022C8DCD10055B204;
			productRefGroup = 9AF958BA22C8DCD10055B204 /* Products */;
			projectDirPath = "";
			projectReferences = (
				{
					ProductGroup = 9AF9590722C8E17C0055B204 /* Products */;
					ProjectRef = 9AF9590622C8E17C0055B204 /* Core.xcodeproj */;
				},
			);
			projectRoot = "";
			targets = (
				9AF958B822C8DCD10055B204 /* Cooding */,
				9AF958CF22C8DCD30055B204 /* CoodingTests */,
			);
		};
/* End PBXProject section */

/* Begin PBXReferenceProxy section */
		9AF9590C22C8E17D0055B204 /* Core.framework */ = {
			isa = PBXReferenceProxy;
			fileType = wrapper.framework;
			path = Core.framework;
			remoteRef = 9AF9590B22C8E17D0055B204 /* PBXContainerItemProxy */;
			sourceTree = BUILT_PRODUCTS_DIR;
		};
		9AF9590E22C8E17D0055B204 /* CoreTests.xctest */ = {
			isa = PBXReferenceProxy;
			fileType = wrapper.cfbundle;
			path = CoreTests.xctest;
			remoteRef = 9AF9590D22C8E17D0055B204 /* PBXContainerItemProxy */;
			sourceTree = BUILT_PRODUCTS_DIR;
		};
/* End PBXReferenceProxy section */

/* Begin PBXResourcesBuildPhase section */
		9AF958B722C8DCD10055B204 /* Resources */ = {
			isa = PBXResourcesBuildPhase;
			buildActionMask = 2147483647;
			files = (
				9AF958CA22C8DCD30055B204 /* LaunchScreen.storyboard in Resources */,
				087BAA802306E6580023E111 /* Localizable.strings in Resources */,
				9AF958C722C8DCD30055B204 /* Assets.xcassets in Resources */,
				9AF958C222C8DCD10055B204 /* Main.storyboard in Resources */,
			);
			runOnlyForDeploymentPostprocessing = 0;
		};
		9AF958CE22C8DCD30055B204 /* Resources */ = {
			isa = PBXResourcesBuildPhase;
			buildActionMask = 2147483647;
			files = (
			);
			runOnlyForDeploymentPostprocessing = 0;
		};
/* End PBXResourcesBuildPhase section */

/* Begin PBXShellScriptBuildPhase section */
		9A51E67522D3DD2300A27ACF /* Swiftlint */ = {
			isa = PBXShellScriptBuildPhase;
			buildActionMask = 2147483647;
			files = (
			);
			inputFileListPaths = (
			);
			inputPaths = (
			);
			name = Swiftlint;
			outputFileListPaths = (
			);
			outputPaths = (
			);
			runOnlyForDeploymentPostprocessing = 0;
			shellPath = /bin/sh;
			shellScript = "if which swiftlint >/dev/null; then\nswiftlint\nelse\necho \"warning: SwiftLint not installed, download from https://github.com/realm/SwiftLint\"\nfi\n";
		};
		9A51E67C22E7697600A27ACF /* Carthage Copy Frameworks */ = {
			isa = PBXShellScriptBuildPhase;
			buildActionMask = 2147483647;
			files = (
			);
			inputFileListPaths = (
			);
			inputPaths = (
				"$(SRCROOT)/Carthage/Build/iOS/SnapshotTesting.framework",
			);
			name = "Carthage Copy Frameworks";
			outputFileListPaths = (
			);
			outputPaths = (
				"$(BUILT_PRODUCTS_DIR)/$(FRAMEWORKS_FOLDER_PATH)/SnapshotTesting.framework",
			);
			runOnlyForDeploymentPostprocessing = 0;
			shellPath = /bin/sh;
			shellScript = "/usr/local/bin/carthage copy-frameworks\n";
		};
/* End PBXShellScriptBuildPhase section */

/* Begin PBXSourcesBuildPhase section */
		9AF958B522C8DCD10055B204 /* Sources */ = {
			isa = PBXSourcesBuildPhase;
			buildActionMask = 2147483647;
			files = (
				9AF958C522C8DCD10055B204 /* Cooding.xcdatamodeld in Sources */,
				9AF958BD22C8DCD10055B204 /* AppDelegate.swift in Sources */,
			);
			runOnlyForDeploymentPostprocessing = 0;
		};
		9AF958CC22C8DCD30055B204 /* Sources */ = {
			isa = PBXSourcesBuildPhase;
			buildActionMask = 2147483647;
			files = (
				9A6FCFAB22F6FFB0009BDCCC /* ProgressIndicatorViewControllerSnapshotTests.swift in Sources */,
				9A6FCF9A22F6E532009BDCCC /* EphemeralKeyValueStore.swift in Sources */,
				9A51E68522E76AFE00A27ACF /* CookingViewControllerSnapshotTests.swift in Sources */,
				9AD3228122EE0887002F9C6B /* RecipeViewControllerSnapshotTests.swift in Sources */,
				9A6FCFAF22F70233009BDCCC /* FullImageTableCellSnapshotTests.swift in Sources */,
				9A037155237CC0DC00EB56AB /* SliderTableCellSnapshotTests.swift in Sources */,
				9AF3509C22ED9FB700D42922 /* RecipeFactory.swift in Sources */,
				9AF350A322EDA07300D42922 /* XCTest+SnapshotTesting.swift in Sources */,
				9A6FCF9322F6DA7F009BDCCC /* DashboardViewControllerSnapshotTests.swift in Sources */,
				9A6FCFA722F6F2D0009BDCCC /* RecipeListStub.swift in Sources */,
				9A6FCFA322F6E84B009BDCCC /* RecipeStubs.swift in Sources */,
				9AF350A922EDA49800D42922 /* String+TestData.swift in Sources */,
				9A6FCFAD22F70057009BDCCC /* ListTableCellSnapshotTests.swift in Sources */,
				9A6FCFB122F70480009BDCCC /* ButtonTableCellSnapshotTests.swift in Sources */,
				9A6FCFA922F6FE99009BDCCC /* SuccessViewControllerSnapshotTests.swift in Sources */,
				9AF350A722EDA1B400D42922 /* StepTableCellSnapshotTests.swift in Sources */,
				9A705D0A22E7A351003AA381 /* StepStub.swift in Sources */,
				9A6FCF9722F6DAA1009BDCCC /* DownloaderMock.swift in Sources */,
				9AF350A422EDA07300D42922 /* UIButton+SimulateTap.swift in Sources */,
			);
			runOnlyForDeploymentPostprocessing = 0;
		};
/* End PBXSourcesBuildPhase section */

/* Begin PBXTargetDependency section */
		9AF958D222C8DCD30055B204 /* PBXTargetDependency */ = {
			isa = PBXTargetDependency;
			target = 9AF958B822C8DCD10055B204 /* Cooding */;
			targetProxy = 9AF958D122C8DCD30055B204 /* PBXContainerItemProxy */;
		};
/* End PBXTargetDependency section */

/* Begin PBXVariantGroup section */
		087BAA822306E6580023E111 /* Localizable.strings */ = {
			isa = PBXVariantGroup;
			children = (
				087BAA812306E6580023E111 /* en */,
				087BAA862306E8D40023E111 /* pl */,
			);
			name = Localizable.strings;
			sourceTree = "<group>";
		};
		9AF958C022C8DCD10055B204 /* Main.storyboard */ = {
			isa = PBXVariantGroup;
			children = (
				087BAA842306E8A70023E111 /* Base */,
			);
			name = Main.storyboard;
			sourceTree = "<group>";
		};
		9AF958C822C8DCD30055B204 /* LaunchScreen.storyboard */ = {
			isa = PBXVariantGroup;
			children = (
				087BAA852306E8A70023E111 /* Base */,
			);
			name = LaunchScreen.storyboard;
			sourceTree = "<group>";
		};
/* End PBXVariantGroup section */

/* Begin XCBuildConfiguration section */
		9AF958D722C8DCD30055B204 /* Debug */ = {
			isa = XCBuildConfiguration;
			buildSettings = {
				ALWAYS_SEARCH_USER_PATHS = NO;
				CLANG_ANALYZER_LOCALIZABILITY_NONLOCALIZED = YES;
				CLANG_ANALYZER_NONNULL = YES;
				CLANG_ANALYZER_NUMBER_OBJECT_CONVERSION = YES_AGGRESSIVE;
				CLANG_CXX_LANGUAGE_STANDARD = "gnu++14";
				CLANG_CXX_LIBRARY = "libc++";
				CLANG_ENABLE_MODULES = YES;
				CLANG_ENABLE_OBJC_ARC = YES;
				CLANG_ENABLE_OBJC_WEAK = YES;
				CLANG_WARN_BLOCK_CAPTURE_AUTORELEASING = YES;
				CLANG_WARN_BOOL_CONVERSION = YES;
				CLANG_WARN_COMMA = YES;
				CLANG_WARN_CONSTANT_CONVERSION = YES;
				CLANG_WARN_DEPRECATED_OBJC_IMPLEMENTATIONS = YES;
				CLANG_WARN_DIRECT_OBJC_ISA_USAGE = YES_ERROR;
				CLANG_WARN_DOCUMENTATION_COMMENTS = YES;
				CLANG_WARN_EMPTY_BODY = YES;
				CLANG_WARN_ENUM_CONVERSION = YES;
				CLANG_WARN_INFINITE_RECURSION = YES;
				CLANG_WARN_INT_CONVERSION = YES;
				CLANG_WARN_NON_LITERAL_NULL_CONVERSION = YES;
				CLANG_WARN_OBJC_IMPLICIT_RETAIN_SELF = YES;
				CLANG_WARN_OBJC_LITERAL_CONVERSION = YES;
				CLANG_WARN_OBJC_ROOT_CLASS = YES_ERROR;
				CLANG_WARN_RANGE_LOOP_ANALYSIS = YES;
				CLANG_WARN_STRICT_PROTOTYPES = YES;
				CLANG_WARN_SUSPICIOUS_MOVE = YES;
				CLANG_WARN_UNGUARDED_AVAILABILITY = YES_AGGRESSIVE;
				CLANG_WARN_UNREACHABLE_CODE = YES;
				CLANG_WARN__DUPLICATE_METHOD_MATCH = YES;
				CODE_SIGN_IDENTITY = "iPhone Developer";
				COPY_PHASE_STRIP = NO;
				DEBUG_INFORMATION_FORMAT = dwarf;
				ENABLE_STRICT_OBJC_MSGSEND = YES;
				ENABLE_TESTABILITY = YES;
				GCC_C_LANGUAGE_STANDARD = gnu11;
				GCC_DYNAMIC_NO_PIC = NO;
				GCC_NO_COMMON_BLOCKS = YES;
				GCC_OPTIMIZATION_LEVEL = 0;
				GCC_PREPROCESSOR_DEFINITIONS = (
					"DEBUG=1",
					"$(inherited)",
				);
				GCC_WARN_64_TO_32_BIT_CONVERSION = YES;
				GCC_WARN_ABOUT_RETURN_TYPE = YES_ERROR;
				GCC_WARN_UNDECLARED_SELECTOR = YES;
				GCC_WARN_UNINITIALIZED_AUTOS = YES_AGGRESSIVE;
				GCC_WARN_UNUSED_FUNCTION = YES;
				GCC_WARN_UNUSED_VARIABLE = YES;
				IPHONEOS_DEPLOYMENT_TARGET = 13.0;
				MTL_ENABLE_DEBUG_INFO = INCLUDE_SOURCE;
				MTL_FAST_MATH = YES;
				ONLY_ACTIVE_ARCH = YES;
				SDKROOT = iphoneos;
				SWIFT_ACTIVE_COMPILATION_CONDITIONS = DEBUG;
				SWIFT_OPTIMIZATION_LEVEL = "-Onone";
			};
			name = Debug;
		};
		9AF958D822C8DCD30055B204 /* Release */ = {
			isa = XCBuildConfiguration;
			buildSettings = {
				ALWAYS_SEARCH_USER_PATHS = NO;
				CLANG_ANALYZER_LOCALIZABILITY_NONLOCALIZED = YES;
				CLANG_ANALYZER_NONNULL = YES;
				CLANG_ANALYZER_NUMBER_OBJECT_CONVERSION = YES_AGGRESSIVE;
				CLANG_CXX_LANGUAGE_STANDARD = "gnu++14";
				CLANG_CXX_LIBRARY = "libc++";
				CLANG_ENABLE_MODULES = YES;
				CLANG_ENABLE_OBJC_ARC = YES;
				CLANG_ENABLE_OBJC_WEAK = YES;
				CLANG_WARN_BLOCK_CAPTURE_AUTORELEASING = YES;
				CLANG_WARN_BOOL_CONVERSION = YES;
				CLANG_WARN_COMMA = YES;
				CLANG_WARN_CONSTANT_CONVERSION = YES;
				CLANG_WARN_DEPRECATED_OBJC_IMPLEMENTATIONS = YES;
				CLANG_WARN_DIRECT_OBJC_ISA_USAGE = YES_ERROR;
				CLANG_WARN_DOCUMENTATION_COMMENTS = YES;
				CLANG_WARN_EMPTY_BODY = YES;
				CLANG_WARN_ENUM_CONVERSION = YES;
				CLANG_WARN_INFINITE_RECURSION = YES;
				CLANG_WARN_INT_CONVERSION = YES;
				CLANG_WARN_NON_LITERAL_NULL_CONVERSION = YES;
				CLANG_WARN_OBJC_IMPLICIT_RETAIN_SELF = YES;
				CLANG_WARN_OBJC_LITERAL_CONVERSION = YES;
				CLANG_WARN_OBJC_ROOT_CLASS = YES_ERROR;
				CLANG_WARN_RANGE_LOOP_ANALYSIS = YES;
				CLANG_WARN_STRICT_PROTOTYPES = YES;
				CLANG_WARN_SUSPICIOUS_MOVE = YES;
				CLANG_WARN_UNGUARDED_AVAILABILITY = YES_AGGRESSIVE;
				CLANG_WARN_UNREACHABLE_CODE = YES;
				CLANG_WARN__DUPLICATE_METHOD_MATCH = YES;
				CODE_SIGN_IDENTITY = "iPhone Developer";
				COPY_PHASE_STRIP = NO;
				DEBUG_INFORMATION_FORMAT = "dwarf-with-dsym";
				ENABLE_NS_ASSERTIONS = NO;
				ENABLE_STRICT_OBJC_MSGSEND = YES;
				GCC_C_LANGUAGE_STANDARD = gnu11;
				GCC_NO_COMMON_BLOCKS = YES;
				GCC_WARN_64_TO_32_BIT_CONVERSION = YES;
				GCC_WARN_ABOUT_RETURN_TYPE = YES_ERROR;
				GCC_WARN_UNDECLARED_SELECTOR = YES;
				GCC_WARN_UNINITIALIZED_AUTOS = YES_AGGRESSIVE;
				GCC_WARN_UNUSED_FUNCTION = YES;
				GCC_WARN_UNUSED_VARIABLE = YES;
				IPHONEOS_DEPLOYMENT_TARGET = 13.0;
				MTL_ENABLE_DEBUG_INFO = NO;
				MTL_FAST_MATH = YES;
				SDKROOT = iphoneos;
				SWIFT_COMPILATION_MODE = wholemodule;
				SWIFT_OPTIMIZATION_LEVEL = "-O";
				VALIDATE_PRODUCT = YES;
			};
			name = Release;
		};
		9AF958DA22C8DCD30055B204 /* Debug */ = {
			isa = XCBuildConfiguration;
			buildSettings = {
				ASSETCATALOG_COMPILER_APPICON_NAME = AppIcon;
				CODE_SIGN_STYLE = Automatic;
				DEVELOPMENT_TEAM = YMD9L4W8Z9;
				FRAMEWORK_SEARCH_PATHS = (
					"$(inherited)",
					"$(PROJECT_DIR)/Carthage/Build/iOS",
				);
				INFOPLIST_FILE = Cooding/Info.plist;
				IPHONEOS_DEPLOYMENT_TARGET = 13.0;
				LD_RUNPATH_SEARCH_PATHS = (
					"$(inherited)",
					"@executable_path/Frameworks",
				);
				PRODUCT_BUNDLE_IDENTIFIER = com.tustanowski.kamil.Cooding;
				PRODUCT_NAME = "$(TARGET_NAME)";
				SWIFT_VERSION = 5.0;
				TARGETED_DEVICE_FAMILY = "1,2";
			};
			name = Debug;
		};
		9AF958DB22C8DCD30055B204 /* Release */ = {
			isa = XCBuildConfiguration;
			buildSettings = {
				ASSETCATALOG_COMPILER_APPICON_NAME = AppIcon;
				CODE_SIGN_STYLE = Automatic;
				DEVELOPMENT_TEAM = YMD9L4W8Z9;
				FRAMEWORK_SEARCH_PATHS = (
					"$(inherited)",
					"$(PROJECT_DIR)/Carthage/Build/iOS",
				);
				INFOPLIST_FILE = Cooding/Info.plist;
				IPHONEOS_DEPLOYMENT_TARGET = 13.0;
				LD_RUNPATH_SEARCH_PATHS = (
					"$(inherited)",
					"@executable_path/Frameworks",
				);
				PRODUCT_BUNDLE_IDENTIFIER = com.tustanowski.kamil.Cooding;
				PRODUCT_NAME = "$(TARGET_NAME)";
				SWIFT_VERSION = 5.0;
				TARGETED_DEVICE_FAMILY = "1,2";
			};
			name = Release;
		};
		9AF958DD22C8DCD30055B204 /* Debug */ = {
			isa = XCBuildConfiguration;
			buildSettings = {
				ALWAYS_EMBED_SWIFT_STANDARD_LIBRARIES = YES;
				BUNDLE_LOADER = "$(TEST_HOST)";
				CODE_SIGN_STYLE = Automatic;
				FRAMEWORK_SEARCH_PATHS = (
					"$(inherited)",
					"$(PROJECT_DIR)/Carthage/Build/iOS",
					"$(PROJECT_DIR)/Core/Carthage/Build/iOS",
				);
				INFOPLIST_FILE = CoodingTests/Info.plist;
				LD_RUNPATH_SEARCH_PATHS = (
					"$(inherited)",
					"@executable_path/Frameworks",
					"@loader_path/Frameworks",
				);
				PRODUCT_BUNDLE_IDENTIFIER = com.tustanowski.kamil.CoodingTests;
				PRODUCT_NAME = "$(TARGET_NAME)";
				SWIFT_VERSION = 5.0;
				TARGETED_DEVICE_FAMILY = "1,2";
				TEST_HOST = "$(BUILT_PRODUCTS_DIR)/Cooding.app/Cooding";
			};
			name = Debug;
		};
		9AF958DE22C8DCD30055B204 /* Release */ = {
			isa = XCBuildConfiguration;
			buildSettings = {
				ALWAYS_EMBED_SWIFT_STANDARD_LIBRARIES = YES;
				BUNDLE_LOADER = "$(TEST_HOST)";
				CODE_SIGN_STYLE = Automatic;
				FRAMEWORK_SEARCH_PATHS = (
					"$(inherited)",
					"$(PROJECT_DIR)/Carthage/Build/iOS",
					"$(PROJECT_DIR)/Core/Carthage/Build/iOS",
				);
				INFOPLIST_FILE = CoodingTests/Info.plist;
				LD_RUNPATH_SEARCH_PATHS = (
					"$(inherited)",
					"@executable_path/Frameworks",
					"@loader_path/Frameworks",
				);
				PRODUCT_BUNDLE_IDENTIFIER = com.tustanowski.kamil.CoodingTests;
				PRODUCT_NAME = "$(TARGET_NAME)";
				SWIFT_VERSION = 5.0;
				TARGETED_DEVICE_FAMILY = "1,2";
				TEST_HOST = "$(BUILT_PRODUCTS_DIR)/Cooding.app/Cooding";
			};
			name = Release;
		};
/* End XCBuildConfiguration section */

/* Begin XCConfigurationList section */
		9AF958B422C8DCD10055B204 /* Build configuration list for PBXProject "Cooding" */ = {
			isa = XCConfigurationList;
			buildConfigurations = (
				9AF958D722C8DCD30055B204 /* Debug */,
				9AF958D822C8DCD30055B204 /* Release */,
			);
			defaultConfigurationIsVisible = 0;
			defaultConfigurationName = Release;
		};
		9AF958D922C8DCD30055B204 /* Build configuration list for PBXNativeTarget "Cooding" */ = {
			isa = XCConfigurationList;
			buildConfigurations = (
				9AF958DA22C8DCD30055B204 /* Debug */,
				9AF958DB22C8DCD30055B204 /* Release */,
			);
			defaultConfigurationIsVisible = 0;
			defaultConfigurationName = Release;
		};
		9AF958DC22C8DCD30055B204 /* Build configuration list for PBXNativeTarget "CoodingTests" */ = {
			isa = XCConfigurationList;
			buildConfigurations = (
				9AF958DD22C8DCD30055B204 /* Debug */,
				9AF958DE22C8DCD30055B204 /* Release */,
			);
			defaultConfigurationIsVisible = 0;
			defaultConfigurationName = Release;
		};
/* End XCConfigurationList section */

/* Begin XCVersionGroup section */
		9AF958C322C8DCD10055B204 /* Cooding.xcdatamodeld */ = {
			isa = XCVersionGroup;
			children = (
				9AF958C422C8DCD10055B204 /* Cooding.xcdatamodel */,
			);
			currentVersion = 9AF958C422C8DCD10055B204 /* Cooding.xcdatamodel */;
			path = Cooding.xcdatamodeld;
			sourceTree = "<group>";
			versionGroupType = wrapper.xcdatamodel;
		};
/* End XCVersionGroup section */
	};
	rootObject = 9AF958B122C8DCD10055B204 /* Project object */;
}
